
Microsoft Visual Studio Solution File, Format Version 12.00
# Visual Studio Version 17
VisualStudioVersion = 17.4.33103.184
MinimumVisualStudioVersion = 10.0.40219.1
Project("{FAE04EC0-301F-11D3-BF4B-00C04F79EFBC}") = "BasicNameGenerator", "BasicNameGenerator\BasicNameGenerator.csproj", "{4E0ADD9A-7CBE-456F-B5F2-60F48158E92B}"
EndProject
Global
	GlobalSection(SolutionConfigurationPlatforms) = preSolution
		Debug|Any CPU = Debug|Any CPU
		Release|Any CPU = Release|Any CPU
	EndGlobalSection
	GlobalSection(ProjectConfigurationPlatforms) = postSolution
		{4E0ADD9A-7CBE-456F-B5F2-60F48158E92B}.Debug|Any CPU.ActiveCfg = Debug|Any CPU
		{4E0ADD9A-7CBE-456F-B5F2-60F48158E92B}.Debug|Any CPU.Build.0 = Debug|Any CPU
		{4E0ADD9A-7CBE-456F-B5F2-60F48158E92B}.Release|Any CPU.ActiveCfg = Release|Any CPU
		{4E0ADD9A-7CBE-456F-B5F2-60F48158E92B}.Release|Any CPU.Build.0 = Release|Any CPU
	EndGlobalSection
	GlobalSection(SolutionProperties) = preSolution
		HideSolutionNode = FALSE
	EndGlobalSection
	GlobalSection(ExtensibilityGlobals) = postSolution
		SolutionGuid = {7F7AC97F-E0E8-41B8-9D85-3BC8112D2C22}
	EndGlobalSection
EndGlobal
